
Microsoft Visual Studio Solution File, Format Version 12.00
# Visual Studio Version 17
VisualStudioVersion = 17.0.32014.148
MinimumVisualStudioVersion = 10.0.40219.1
Project("{FAE04EC0-301F-11D3-BF4B-00C04F79EFBC}") = "score", "score\score.csproj", "{ADE57853-9E93-495C-8220-825CB4A43C1A}"
EndProject
Global
	GlobalSection(SolutionConfigurationPlatforms) = preSolution
		Debug|Any CPU = Debug|Any CPU
		Release|Any CPU = Release|Any CPU
	EndGlobalSection
	GlobalSection(ProjectConfigurationPlatforms) = postSolution
		{ADE57853-9E93-495C-8220-825CB4A43C1A}.Debug|Any CPU.ActiveCfg = Debug|Any CPU
		{ADE57853-9E93-495C-8220-825CB4A43C1A}.Debug|Any CPU.Build.0 = Debug|Any CPU
		{ADE57853-9E93-495C-8220-825CB4A43C1A}.Release|Any CPU.ActiveCfg = Release|Any CPU
		{ADE57853-9E93-495C-8220-825CB4A43C1A}.Release|Any CPU.Build.0 = Release|Any CPU
	EndGlobalSection
	GlobalSection(SolutionProperties) = preSolution
		HideSolutionNode = FALSE
	EndGlobalSection
	GlobalSection(ExtensibilityGlobals) = postSolution
		SolutionGuid = {372BDFC0-3DF9-47C8-AED7-DC1F99ABD8F2}
	EndGlobalSection
EndGlobal
